
Microsoft Visual Studio Solution File, Format Version 12.00
# Visual Studio Version 16
VisualStudioVersion = 16.0.34114.132
MinimumVisualStudioVersion = 10.0.40219.1
Project("{FAE04EC0-301F-11D3-BF4B-00C04F79EFBC}") = "ThreadedWPF", "ThreadedWPF.csproj", "{FA43984F-33EF-41FF-AA23-A1BAAF3A6938}"
EndProject
Global
	GlobalSection(SolutionConfigurationPlatforms) = preSolution
		Debug|Any CPU = Debug|Any CPU
		Release|Any CPU = Release|Any CPU
	EndGlobalSection
	GlobalSection(ProjectConfigurationPlatforms) = postSolution
		{FA43984F-33EF-41FF-AA23-A1BAAF3A6938}.Debug|Any CPU.ActiveCfg = Debug|Any CPU
		{FA43984F-33EF-41FF-AA23-A1BAAF3A6938}.Debug|Any CPU.Build.0 = Debug|Any CPU
		{FA43984F-33EF-41FF-AA23-A1BAAF3A6938}.Release|Any CPU.ActiveCfg = Release|Any CPU
		{FA43984F-33EF-41FF-AA23-A1BAAF3A6938}.Release|Any CPU.Build.0 = Release|Any CPU
	EndGlobalSection
	GlobalSection(SolutionProperties) = preSolution
		HideSolutionNode = FALSE
	EndGlobalSection
	GlobalSection(ExtensibilityGlobals) = postSolution
		SolutionGuid = {29A98A4F-FF88-4453-9945-A6674FDDF62C}
	EndGlobalSection
EndGlobal
